// !$*UTF8*$!
{
	archiveVersion = 1;
	classes = {
	};
	objectVersion = 46;
	objects = {

/* Begin PBXBuildFile section */
		D4205C8C1C021FFA0024231C /* AppDelegate.swift in Sources */ = {isa = PBXBuildFile; fileRef = D4205C8B1C021FFA0024231C /* AppDelegate.swift */; };
		D4205C8E1C021FFA0024231C /* ViewController.swift in Sources */ = {isa = PBXBuildFile; fileRef = D4205C8D1C021FFA0024231C /* ViewController.swift */; };
		D4205C911C021FFA0024231C /* Main.storyboard in Resources */ = {isa = PBXBuildFile; fileRef = D4205C8F1C021FFA0024231C /* Main.storyboard */; };
		D4205C931C021FFA0024231C /* Assets.xcassets in Resources */ = {isa = PBXBuildFile; fileRef = D4205C921C021FFA0024231C /* Assets.xcassets */; };
		D4205C961C021FFA0024231C /* LaunchScreen.storyboard in Resources */ = {isa = PBXBuildFile; fileRef = D4205C941C021FFA0024231C /* LaunchScreen.storyboard */; };
		D4205CA11C021FFA0024231C /* FastlaneSnapshotTests.swift in Sources */ = {isa = PBXBuildFile; fileRef = D4205CA01C021FFA0024231C /* FastlaneSnapshotTests.swift */; };
		D4205CAC1C021FFA0024231C /* FastlaneSnapshotUITests.swift in Sources */ = {isa = PBXBuildFile; fileRef = D4205CAB1C021FFA0024231C /* FastlaneSnapshotUITests.swift */; };
		D4205CBA1C0227F40024231C /* SnapshotHelper.swift in Sources */ = {isa = PBXBuildFile; fileRef = D4205CB91C0227F40024231C /* SnapshotHelper.swift */; };
/* End PBXBuildFile section */

/* Begin PBXContainerItemProxy section */
		D4205C9D1C021FFA0024231C /* PBXContainerItemProxy */ = {
			isa = PBXContainerItemProxy;
			containerPortal = D4205C801C021FFA0024231C /* Project object */;
			proxyType = 1;
			remoteGlobalIDString = D4205C871C021FFA0024231C;
			remoteInfo = FastlaneSnapshot;
		};
		D4205CA81C021FFA0024231C /* PBXContainerItemProxy */ = {
			isa = PBXContainerItemProxy;
			containerPortal = D4205C801C021FFA0024231C /* Project object */;
			proxyType = 1;
			remoteGlobalIDString = D4205C871C021FFA0024231C;
			remoteInfo = FastlaneSnapshot;
		};
/* End PBXContainerItemProxy section */

/* Begin PBXFileReference section */
		D4205C881C021FFA0024231C /* FastlaneSnapshot.app */ = {isa = PBXFileReference; explicitFileType = wrapper.application; includeInIndex = 0; path = FastlaneSnapshot.app; sourceTree = BUILT_PRODUCTS_DIR; };
		D4205C8B1C021FFA0024231C /* AppDelegate.swift */ = {isa = PBXFileReference; lastKnownFileType = sourcecode.swift; path = AppDelegate.swift; sourceTree = "<group>"; };
		D4205C8D1C021FFA0024231C /* ViewController.swift */ = {isa = PBXFileReference; lastKnownFileType = sourcecode.swift; path = ViewController.swift; sourceTree = "<group>"; };
		D4205C901C021FFA0024231C /* Base */ = {isa = PBXFileReference; lastKnownFileType = file.storyboard; name = Base; path = Base.lproj/Main.storyboard; sourceTree = "<group>"; };
		D4205C921C021FFA0024231C /* Assets.xcassets */ = {isa = PBXFileReference; lastKnownFileType = folder.assetcatalog; path = Assets.xcassets; sourceTree = "<group>"; };
		D4205C951C021FFA0024231C /* Base */ = {isa = PBXFileReference; lastKnownFileType = file.storyboard; name = Base; path = Base.lproj/LaunchScreen.storyboard; sourceTree = "<group>"; };
		D4205C971C021FFA0024231C /* Info.plist */ = {isa = PBXFileReference; lastKnownFileType = text.plist.xml; path = Info.plist; sourceTree = "<group>"; };
		D4205C9C1C021FFA0024231C /* FastlaneSnapshotTests.xctest */ = {isa = PBXFileReference; explicitFileType = wrapper.cfbundle; includeInIndex = 0; path = FastlaneSnapshotTests.xctest; sourceTree = BUILT_PRODUCTS_DIR; };
		D4205CA01C021FFA0024231C /* FastlaneSnapshotTests.swift */ = {isa = PBXFileReference; lastKnownFileType = sourcecode.swift; path = FastlaneSnapshotTests.swift; sourceTree = "<group>"; };
		D4205CA21C021FFA0024231C /* Info.plist */ = {isa = PBXFileReference; lastKnownFileType = text.plist.xml; path = Info.plist; sourceTree = "<group>"; };
		D4205CA71C021FFA0024231C /* FastlaneSnapshotUITests.xctest */ = {isa = PBXFileReference; explicitFileType = wrapper.cfbundle; includeInIndex = 0; path = FastlaneSnapshotUITests.xctest; sourceTree = BUILT_PRODUCTS_DIR; };
		D4205CAB1C021FFA0024231C /* FastlaneSnapshotUITests.swift */ = {isa = PBXFileReference; lastKnownFileType = sourcecode.swift; path = FastlaneSnapshotUITests.swift; sourceTree = "<group>"; };
		D4205CAD1C021FFA0024231C /* Info.plist */ = {isa = PBXFileReference; lastKnownFileType = text.plist.xml; path = Info.plist; sourceTree = "<group>"; };
		D4205CB91C0227F40024231C /* SnapshotHelper.swift */ = {isa = PBXFileReference; fileEncoding = 4; lastKnownFileType = sourcecode.swift; path = SnapshotHelper.swift; sourceTree = "<group>"; };
/* End PBXFileReference section */

/* Begin PBXFrameworksBuildPhase section */
		D4205C851C021FFA0024231C /* Frameworks */ = {
			isa = PBXFrameworksBuildPhase;
			buildActionMask = 2147483647;
			files = (
			);
			runOnlyForDeploymentPostprocessing = 0;
		};
		D4205C991C021FFA0024231C /* Frameworks */ = {
			isa = PBXFrameworksBuildPhase;
			buildActionMask = 2147483647;
			files = (
			);
			runOnlyForDeploymentPostprocessing = 0;
		};
		D4205CA41C021FFA0024231C /* Frameworks */ = {
			isa = PBXFrameworksBuildPhase;
			buildActionMask = 2147483647;
			files = (
			);
			runOnlyForDeploymentPostprocessing = 0;
		};
/* End PBXFrameworksBuildPhase section */

/* Begin PBXGroup section */
		D4205C7F1C021FFA0024231C = {
			isa = PBXGroup;
			children = (
				D4205C8A1C021FFA0024231C /* FastlaneSnapshot */,
				D4205C9F1C021FFA0024231C /* FastlaneSnapshotTests */,
				D4205CAA1C021FFA0024231C /* FastlaneSnapshotUITests */,
				D4205C891C021FFA0024231C /* Products */,
			);
			sourceTree = "<group>";
		};
		D4205C891C021FFA0024231C /* Products */ = {
			isa = PBXGroup;
			children = (
				D4205C881C021FFA0024231C /* FastlaneSnapshot.app */,
				D4205C9C1C021FFA0024231C /* FastlaneSnapshotTests.xctest */,
				D4205CA71C021FFA0024231C /* FastlaneSnapshotUITests.xctest */,
			);
			name = Products;
			sourceTree = "<group>";
		};
		D4205C8A1C021FFA0024231C /* FastlaneSnapshot */ = {
			isa = PBXGroup;
			children = (
				D4205C8B1C021FFA0024231C /* AppDelegate.swift */,
				D4205C8D1C021FFA0024231C /* ViewController.swift */,
				D4205C8F1C021FFA0024231C /* Main.storyboard */,
				D4205C921C021FFA0024231C /* Assets.xcassets */,
				D4205C941C021FFA0024231C /* LaunchScreen.storyboard */,
				D4205C971C021FFA0024231C /* Info.plist */,
			);
			path = FastlaneSnapshot;
			sourceTree = "<group>";
		};
		D4205C9F1C021FFA0024231C /* FastlaneSnapshotTests */ = {
			isa = PBXGroup;
			children = (
				D4205CA01C021FFA0024231C /* FastlaneSnapshotTests.swift */,
				D4205CA21C021FFA0024231C /* Info.plist */,
			);
			path = FastlaneSnapshotTests;
			sourceTree = "<group>";
		};
		D4205CAA1C021FFA0024231C /* FastlaneSnapshotUITests */ = {
			isa = PBXGroup;
			children = (
				D4205CAB1C021FFA0024231C /* FastlaneSnapshotUITests.swift */,
				D4205CB91C0227F40024231C /* SnapshotHelper.swift */,
				D4205CAD1C021FFA0024231C /* Info.plist */,
			);
			path = FastlaneSnapshotUITests;
			sourceTree = "<group>";
		};
/* End PBXGroup section */

/* Begin PBXNativeTarget section */
		D4205C871C021FFA0024231C /* FastlaneSnapshot */ = {
			isa = PBXNativeTarget;
			buildConfigurationList = D4205CB01C021FFA0024231C /* Build configuration list for PBXNativeTarget "FastlaneSnapshot" */;
			buildPhases = (
				D4205C841C021FFA0024231C /* Sources */,
				D4205C851C021FFA0024231C /* Frameworks */,
				D4205C861C021FFA0024231C /* Resources */,
			);
			buildRules = (
			);
			dependencies = (
			);
			name = FastlaneSnapshot;
			productName = FastlaneSnapshot;
			productReference = D4205C881C021FFA0024231C /* FastlaneSnapshot.app */;
			productType = "com.apple.product-type.application";
		};
		D4205C9B1C021FFA0024231C /* FastlaneSnapshotTests */ = {
			isa = PBXNativeTarget;
			buildConfigurationList = D4205CB31C021FFA0024231C /* Build configuration list for PBXNativeTarget "FastlaneSnapshotTests" */;
			buildPhases = (
				D4205C981C021FFA0024231C /* Sources */,
				D4205C991C021FFA0024231C /* Frameworks */,
				D4205C9A1C021FFA0024231C /* Resources */,
			);
			buildRules = (
			);
			dependencies = (
				D4205C9E1C021FFA0024231C /* PBXTargetDependency */,
			);
			name = FastlaneSnapshotTests;
			productName = FastlaneSnapshotTests;
			productReference = D4205C9C1C021FFA0024231C /* FastlaneSnapshotTests.xctest */;
			productType = "com.apple.product-type.bundle.unit-test";
		};
		D4205CA61C021FFA0024231C /* FastlaneSnapshotUITests */ = {
			isa = PBXNativeTarget;
			buildConfigurationList = D4205CB61C021FFA0024231C /* Build configuration list for PBXNativeTarget "FastlaneSnapshotUITests" */;
			buildPhases = (
				D4205CA31C021FFA0024231C /* Sources */,
				D4205CA41C021FFA0024231C /* Frameworks */,
				D4205CA51C021FFA0024231C /* Resources */,
			);
			buildRules = (
			);
			dependencies = (
				D4205CA91C021FFA0024231C /* PBXTargetDependency */,
			);
			name = FastlaneSnapshotUITests;
			productName = FastlaneSnapshotUITests;
			productReference = D4205CA71C021FFA0024231C /* FastlaneSnapshotUITests.xctest */;
			productType = "com.apple.product-type.bundle.ui-testing";
		};
/* End PBXNativeTarget section */

/* Begin PBXProject section */
		D4205C801C021FFA0024231C /* Project object */ = {
			isa = PBXProject;
			attributes = {
				LastSwiftUpdateCheck = 0710;
				LastUpgradeCheck = 0710;
				ORGANIZATIONNAME = nakazy;
				TargetAttributes = {
					D4205C871C021FFA0024231C = {
						CreatedOnToolsVersion = 7.1;
					};
					D4205C9B1C021FFA0024231C = {
						CreatedOnToolsVersion = 7.1;
						TestTargetID = D4205C871C021FFA0024231C;
					};
					D4205CA61C021FFA0024231C = {
						CreatedOnToolsVersion = 7.1;
						TestTargetID = D4205C871C021FFA0024231C;
					};
				};
			};
			buildConfigurationList = D4205C831C021FFA0024231C /* Build configuration list for PBXProject "FastlaneSnapshot" */;
			compatibilityVersion = "Xcode 3.2";
			developmentRegion = English;
			hasScannedForEncodings = 0;
			knownRegions = (
				en,
				Base,
			);
			mainGroup = D4205C7F1C021FFA0024231C;
			productRefGroup = D4205C891C021FFA0024231C /* Products */;
			projectDirPath = "";
			projectRoot = "";
			targets = (
				D4205C871C021FFA0024231C /* FastlaneSnapshot */,
				D4205C9B1C021FFA0024231C /* FastlaneSnapshotTests */,
				D4205CA61C021FFA0024231C /* FastlaneSnapshotUITests */,
			);
		};
/* End PBXProject section */

/* Begin PBXResourcesBuildPhase section */
		D4205C861C021FFA0024231C /* Resources */ = {
			isa = PBXResourcesBuildPhase;
			buildActionMask = 2147483647;
			files = (
				D4205C961C021FFA0024231C /* LaunchScreen.storyboard in Resources */,
				D4205C931C021FFA0024231C /* Assets.xcassets in Resources */,
				D4205C911C021FFA0024231C /* Main.storyboard in Resources */,
			);
			runOnlyForDeploymentPostprocessing = 0;
		};
		D4205C9A1C021FFA0024231C /* Resources */ = {
			isa = PBXResourcesBuildPhase;
			buildActionMask = 2147483647;
			files = (
			);
			runOnlyForDeploymentPostprocessing = 0;
		};
		D4205CA51C021FFA0024231C /* Resources */ = {
			isa = PBXResourcesBuildPhase;
			buildActionMask = 2147483647;
			files = (
			);
			runOnlyForDeploymentPostprocessing = 0;
		};
/* End PBXResourcesBuildPhase section */

/* Begin PBXSourcesBuildPhase section */
		D4205C841C021FFA0024231C /* Sources */ = {
			isa = PBXSourcesBuildPhase;
			buildActionMask = 2147483647;
			files = (
				D4205C8E1C021FFA0024231C /* ViewController.swift in Sources */,
				D4205C8C1C021FFA0024231C /* AppDelegate.swift in Sources */,
			);
			runOnlyForDeploymentPostprocessing = 0;
		};
		D4205C981C021FFA0024231C /* Sources */ = {
			isa = PBXSourcesBuildPhase;
			buildActionMask = 2147483647;
			files = (
				D4205CA11C021FFA0024231C /* FastlaneSnapshotTests.swift in Sources */,
			);
			runOnlyForDeploymentPostprocessing = 0;
		};
		D4205CA31C021FFA0024231C /* Sources */ = {
			isa = PBXSourcesBuildPhase;
			buildActionMask = 2147483647;
			files = (
				D4205CAC1C021FFA0024231C /* FastlaneSnapshotUITests.swift in Sources */,
				D4205CBA1C0227F40024231C /* SnapshotHelper.swift in Sources */,
			);
			runOnlyForDeploymentPostprocessing = 0;
		};
/* End PBXSourcesBuildPhase section */

/* Begin PBXTargetDependency section */
		D4205C9E1C021FFA0024231C /* PBXTargetDependency */ = {
			isa = PBXTargetDependency;
			target = D4205C871C021FFA0024231C /* FastlaneSnapshot */;
			targetProxy = D4205C9D1C021FFA0024231C /* PBXContainerItemProxy */;
		};
		D4205CA91C021FFA0024231C /* PBXTargetDependency */ = {
			isa = PBXTargetDependency;
			target = D4205C871C021FFA0024231C /* FastlaneSnapshot */;
			targetProxy = D4205CA81C021FFA0024231C /* PBXContainerItemProxy */;
		};
/* End PBXTargetDependency section */

/* Begin PBXVariantGroup section */
		D4205C8F1C021FFA0024231C /* Main.storyboard */ = {
			isa = PBXVariantGroup;
			children = (
				D4205C901C021FFA0024231C /* Base */,
			);
			name = Main.storyboard;
			sourceTree = "<group>";
		};
		D4205C941C021FFA0024231C /* LaunchScreen.storyboard */ = {
			isa = PBXVariantGroup;
			children = (
				D4205C951C021FFA0024231C /* Base */,
			);
			name = LaunchScreen.storyboard;
			sourceTree = "<group>";
		};
/* End PBXVariantGroup section */

/* Begin XCBuildConfiguration section */
		D4205CAE1C021FFA0024231C /* Debug */ = {
			isa = XCBuildConfiguration;
			buildSettings = {
				ALWAYS_SEARCH_USER_PATHS = NO;
				CLANG_CXX_LANGUAGE_STANDARD = "gnu++0x";
				CLANG_CXX_LIBRARY = "libc++";
				CLANG_ENABLE_MODULES = YES;
				CLANG_ENABLE_OBJC_ARC = YES;
				CLANG_WARN_BOOL_CONVERSION = YES;
				CLANG_WARN_CONSTANT_CONVERSION = YES;
				CLANG_WARN_DIRECT_OBJC_ISA_USAGE = YES_ERROR;
				CLANG_WARN_EMPTY_BODY = YES;
				CLANG_WARN_ENUM_CONVERSION = YES;
				CLANG_WARN_INT_CONVERSION = YES;
				CLANG_WARN_OBJC_ROOT_CLASS = YES_ERROR;
				CLANG_WARN_UNREACHABLE_CODE = YES;
				CLANG_WARN__DUPLICATE_METHOD_MATCH = YES;
				"CODE_SIGN_IDENTITY[sdk=iphoneos*]" = "iPhone Developer";
				COPY_PHASE_STRIP = NO;
				DEBUG_INFORMATION_FORMAT = dwarf;
				ENABLE_STRICT_OBJC_MSGSEND = YES;
				ENABLE_TESTABILITY = YES;
				GCC_C_LANGUAGE_STANDARD = gnu99;
				GCC_DYNAMIC_NO_PIC = NO;
				GCC_NO_COMMON_BLOCKS = YES;
				GCC_OPTIMIZATION_LEVEL = 0;
				GCC_PREPROCESSOR_DEFINITIONS = (
					"DEBUG=1",
					"$(inherited)",
				);
				GCC_WARN_64_TO_32_BIT_CONVERSION = YES;
				GCC_WARN_ABOUT_RETURN_TYPE = YES_ERROR;
				GCC_WARN_UNDECLARED_SELECTOR = YES;
				GCC_WARN_UNINITIALIZED_AUTOS = YES_AGGRESSIVE;
				GCC_WARN_UNUSED_FUNCTION = YES;
				GCC_WARN_UNUSED_VARIABLE = YES;
				IPHONEOS_DEPLOYMENT_TARGET = 9.1;
				MTL_ENABLE_DEBUG_INFO = YES;
				ONLY_ACTIVE_ARCH = YES;
				SDKROOT = iphoneos;
				SWIFT_OPTIMIZATION_LEVEL = "-Onone";
				TARGETED_DEVICE_FAMILY = "1,2";
			};
			name = Debug;
		};
		D4205CAF1C021FFA0024231C /* Release */ = {
			isa = XCBuildConfiguration;
			buildSettings = {
				ALWAYS_SEARCH_USER_PATHS = NO;
				CLANG_CXX_LANGUAGE_STANDARD = "gnu++0x";
				CLANG_CXX_LIBRARY = "libc++";
				CLANG_ENABLE_MODULES = YES;
				CLANG_ENABLE_OBJC_ARC = YES;
				CLANG_WARN_BOOL_CONVERSION = YES;
				CLANG_WARN_CONSTANT_CONVERSION = YES;
				CLANG_WARN_DIRECT_OBJC_ISA_USAGE = YES_ERROR;
				CLANG_WARN_EMPTY_BODY = YES;
				CLANG_WARN_ENUM_CONVERSION = YES;
				CLANG_WARN_INT_CONVERSION = YES;
				CLANG_WARN_OBJC_ROOT_CLASS = YES_ERROR;
				CLANG_WARN_UNREACHABLE_CODE = YES;
				CLANG_WARN__DUPLICATE_METHOD_MATCH = YES;
				"CODE_SIGN_IDENTITY[sdk=iphoneos*]" = "iPhone Developer";
				COPY_PHASE_STRIP = NO;
				DEBUG_INFORMATION_FORMAT = "dwarf-with-dsym";
				ENABLE_NS_ASSERTIONS = NO;
				ENABLE_STRICT_OBJC_MSGSEND = YES;
				GCC_C_LANGUAGE_STANDARD = gnu99;
				GCC_NO_COMMON_BLOCKS = YES;
				GCC_WARN_64_TO_32_BIT_CONVERSION = YES;
				GCC_WARN_ABOUT_RETURN_TYPE = YES_ERROR;
				GCC_WARN_UNDECLARED_SELECTOR = YES;
				GCC_WARN_UNINITIALIZED_AUTOS = YES_AGGRESSIVE;
				GCC_WARN_UNUSED_FUNCTION = YES;
				GCC_WARN_UNUSED_VARIABLE = YES;
				IPHONEOS_DEPLOYMENT_TARGET = 9.1;
				MTL_ENABLE_DEBUG_INFO = NO;
				SDKROOT = iphoneos;
				TARGETED_DEVICE_FAMILY = "1,2";
				VALIDATE_PRODUCT = YES;
			};
			name = Release;
		};
		D4205CB11C021FFA0024231C /* Debug */ = {
			isa = XCBuildConfiguration;
			buildSettings = {
				ASSETCATALOG_COMPILER_APPICON_NAME = AppIcon;
				INFOPLIST_FILE = FastlaneSnapshot/Info.plist;
				LD_RUNPATH_SEARCH_PATHS = "$(inherited) @executable_path/Frameworks";
				PRODUCT_BUNDLE_IDENTIFIER = com.nakailand.FastlaneSnapshot;
				PRODUCT_NAME = "$(TARGET_NAME)";
			};
			name = Debug;
		};
		D4205CB21C021FFA0024231C /* Release */ = {
			isa = XCBuildConfiguration;
			buildSettings = {
				ASSETCATALOG_COMPILER_APPICON_NAME = AppIcon;
				INFOPLIST_FILE = FastlaneSnapshot/Info.plist;
				LD_RUNPATH_SEARCH_PATHS = "$(inherited) @executable_path/Frameworks";
				PRODUCT_BUNDLE_IDENTIFIER = com.nakailand.FastlaneSnapshot;
				PRODUCT_NAME = "$(TARGET_NAME)";
			};
			name = Release;
		};
		D4205CB41C021FFA0024231C /* Debug */ = {
			isa = XCBuildConfiguration;
			buildSettings = {
				BUNDLE_LOADER = "$(TEST_HOST)";
				INFOPLIST_FILE = FastlaneSnapshotTests/Info.plist;
				LD_RUNPATH_SEARCH_PATHS = "$(inherited) @executable_path/Frameworks @loader_path/Frameworks";
				PRODUCT_BUNDLE_IDENTIFIER = com.nakailand.FastlaneSnapshotTests;
				PRODUCT_NAME = "$(TARGET_NAME)";
				TEST_HOST = "$(BUILT_PRODUCTS_DIR)/FastlaneSnapshot.app/FastlaneSnapshot";
			};
			name = Debug;
		};
		D4205CB51C021FFA0024231C /* Release */ = {
			isa = XCBuildConfiguration;
			buildSettings = {
				BUNDLE_LOADER = "$(TEST_HOST)";
				INFOPLIST_FILE = FastlaneSnapshotTests/Info.plist;
				LD_RUNPATH_SEARCH_PATHS = "$(inherited) @executable_path/Frameworks @loader_path/Frameworks";
				PRODUCT_BUNDLE_IDENTIFIER = com.nakailand.FastlaneSnapshotTests;
				PRODUCT_NAME = "$(TARGET_NAME)";
				TEST_HOST = "$(BUILT_PRODUCTS_DIR)/FastlaneSnapshot.app/FastlaneSnapshot";
			};
			name = Release;
		};
		D4205CB71C021FFA0024231C /* Debug */ = {
			isa = XCBuildConfiguration;
			buildSettings = {
				INFOPLIST_FILE = FastlaneSnapshotUITests/Info.plist;
				LD_RUNPATH_SEARCH_PATHS = "$(inherited) @executable_path/Frameworks @loader_path/Frameworks";
				PRODUCT_BUNDLE_IDENTIFIER = com.nakailand.FastlaneSnapshotUITests;
				PRODUCT_NAME = "$(TARGET_NAME)";
				TEST_TARGET_NAME = FastlaneSnapshot;
				USES_XCTRUNNER = YES;
			};
			name = Debug;
		};
		D4205CB81C021FFA0024231C /* Release */ = {
			isa = XCBuildConfiguration;
			buildSettings = {
				INFOPLIST_FILE = FastlaneSnapshotUITests/Info.plist;
				LD_RUNPATH_SEARCH_PATHS = "$(inherited) @executable_path/Frameworks @loader_path/Frameworks";
				PRODUCT_BUNDLE_IDENTIFIER = com.nakailand.FastlaneSnapshotUITests;
				PRODUCT_NAME = "$(TARGET_NAME)";
				TEST_TARGET_NAME = FastlaneSnapshot;
				USES_XCTRUNNER = YES;
			};
			name = Release;
		};
/* End XCBuildConfiguration section */

/* Begin XCConfigurationList section */
		D4205C831C021FFA0024231C /* Build configuration list for PBXProject "FastlaneSnapshot" */ = {
			isa = XCConfigurationList;
			buildConfigurations = (
				D4205CAE1C021FFA0024231C /* Debug */,
				D4205CAF1C021FFA0024231C /* Release */,
			);
			defaultConfigurationIsVisible = 0;
			defaultConfigurationName = Release;
		};
		D4205CB01C021FFA0024231C /* Build configuration list for PBXNativeTarget "FastlaneSnapshot" */ = {
			isa = XCConfigurationList;
			buildConfigurations = (
				D4205CB11C021FFA0024231C /* Debug */,
				D4205CB21C021FFA0024231C /* Release */,
			);
			defaultConfigurationIsVisible = 0;
		};
		D4205CB31C021FFA0024231C /* Build configuration list for PBXNativeTarget "FastlaneSnapshotTests" */ = {
			isa = XCConfigurationList;
			buildConfigurations = (
				D4205CB41C021FFA0024231C /* Debug */,
				D4205CB51C021FFA0024231C /* Release */,
			);
			defaultConfigurationIsVisible = 0;
		};
		D4205CB61C021FFA0024231C /* Build configuration list for PBXNativeTarget "FastlaneSnapshotUITests" */ = {
			isa = XCConfigurationList;
			buildConfigurations = (
				D4205CB71C021FFA0024231C /* Debug */,
				D4205CB81C021FFA0024231C /* Release */,
			);
			defaultConfigurationIsVisible = 0;
		};
/* End XCConfigurationList section */
	};
	rootObject = D4205C801C021FFA0024231C /* Project object */;
}
